
Microsoft Visual Studio Solution File, Format Version 12.00
# Visual Studio Version 17
VisualStudioVersion = 17.5.33530.505
MinimumVisualStudioVersion = 10.0.40219.1
Project("{FAE04EC0-301F-11D3-BF4B-00C04F79EFBC}") = "Disconected_Architecture_Ornek", "Disconected_Architecture_Ornek\Disconected_Architecture_Ornek.csproj", "{DF75010F-11B2-450D-9042-B067989A078F}"
EndProject
Global
	GlobalSection(SolutionConfigurationPlatforms) = preSolution
		Debug|Any CPU = Debug|Any CPU
		Release|Any CPU = Release|Any CPU
	EndGlobalSection
	GlobalSection(ProjectConfigurationPlatforms) = postSolution
		{DF75010F-11B2-450D-9042-B067989A078F}.Debug|Any CPU.ActiveCfg = Debug|Any CPU
		{DF75010F-11B2-450D-9042-B067989A078F}.Debug|Any CPU.Build.0 = Debug|Any CPU
		{DF75010F-11B2-450D-9042-B067989A078F}.Release|Any CPU.ActiveCfg = Release|Any CPU
		{DF75010F-11B2-450D-9042-B067989A078F}.Release|Any CPU.Build.0 = Release|Any CPU
	EndGlobalSection
	GlobalSection(SolutionProperties) = preSolution
		HideSolutionNode = FALSE
	EndGlobalSection
	GlobalSection(ExtensibilityGlobals) = postSolution
		SolutionGuid = {150D71FA-72DF-40DB-BA21-B5347E21A2DB}
	EndGlobalSection
EndGlobal
